// !$*UTF8*$!
{
	archiveVersion = 1;
	classes = {
	};
	objectVersion = 55;
	objects = {

/* Begin PBXBuildFile section */
		4DBF3D3E27FE1DFB0083ABAE /* AppDelegate.swift in Sources */ = {isa = PBXBuildFile; fileRef = 4DBF3D3D27FE1DFB0083ABAE /* AppDelegate.swift */; };
		4DBF3D4027FE1DFB0083ABAE /* SceneDelegate.swift in Sources */ = {isa = PBXBuildFile; fileRef = 4DBF3D3F27FE1DFB0083ABAE /* SceneDelegate.swift */; };
		4DBF3D4227FE1DFB0083ABAE /* ViewController.swift in Sources */ = {isa = PBXBuildFile; fileRef = 4DBF3D4127FE1DFB0083ABAE /* ViewController.swift */; };
		4DBF3D4527FE1DFB0083ABAE /* Main.storyboard in Resources */ = {isa = PBXBuildFile; fileRef = 4DBF3D4327FE1DFB0083ABAE /* Main.storyboard */; };
		4DBF3D4727FE1DFE0083ABAE /* Assets.xcassets in Resources */ = {isa = PBXBuildFile; fileRef = 4DBF3D4627FE1DFE0083ABAE /* Assets.xcassets */; };
		4DBF3D4A27FE1DFF0083ABAE /* LaunchScreen.storyboard in Resources */ = {isa = PBXBuildFile; fileRef = 4DBF3D4827FE1DFF0083ABAE /* LaunchScreen.storyboard */; };
		4DBF3D5227FE1E1D0083ABAE /* MobileNetV2FP16.mlmodel in Sources */ = {isa = PBXBuildFile; fileRef = 4DBF3D5127FE1E1D0083ABAE /* MobileNetV2FP16.mlmodel */; };
/* End PBXBuildFile section */

/* Begin PBXFileReference section */
		4DBF3D3A27FE1DFB0083ABAE /* ImageID.app */ = {isa = PBXFileReference; explicitFileType = wrapper.application; includeInIndex = 0; path = ImageID.app; sourceTree = BUILT_PRODUCTS_DIR; };
		4DBF3D3D27FE1DFB0083ABAE /* AppDelegate.swift */ = {isa = PBXFileReference; lastKnownFileType = sourcecode.swift; path = AppDelegate.swift; sourceTree = "<group>"; };
		4DBF3D3F27FE1DFB0083ABAE /* SceneDelegate.swift */ = {isa = PBXFileReference; lastKnownFileType = sourcecode.swift; path = SceneDelegate.swift; sourceTree = "<group>"; };
		4DBF3D4127FE1DFB0083ABAE /* ViewController.swift */ = {isa = PBXFileReference; lastKnownFileType = sourcecode.swift; path = ViewController.swift; sourceTree = "<group>"; };
		4DBF3D4427FE1DFB0083ABAE /* Base */ = {isa = PBXFileReference; lastKnownFileType = file.storyboard; name = Base; path = Base.lproj/Main.storyboard; sourceTree = "<group>"; };
		4DBF3D4627FE1DFE0083ABAE /* Assets.xcassets */ = {isa = PBXFileReference; lastKnownFileType = folder.assetcatalog; path = Assets.xcassets; sourceTree = "<group>"; };
		4DBF3D4927FE1DFF0083ABAE /* Base */ = {isa = PBXFileReference; lastKnownFileType = file.storyboard; name = Base; path = Base.lproj/LaunchScreen.storyboard; sourceTree = "<group>"; };
		4DBF3D4B27FE1DFF0083ABAE /* Info.plist */ = {isa = PBXFileReference; lastKnownFileType = text.plist.xml; path = Info.plist; sourceTree = "<group>"; };
		4DBF3D5127FE1E1D0083ABAE /* MobileNetV2FP16.mlmodel */ = {isa = PBXFileReference; lastKnownFileType = file.mlmodel; path = MobileNetV2FP16.mlmodel; sourceTree = "<group>"; };
/* End PBXFileReference section */

/* Begin PBXFrameworksBuildPhase section */
		4DBF3D3727FE1DFB0083ABAE /* Frameworks */ = {
			isa = PBXFrameworksBuildPhase;
			buildActionMask = 2147483647;
			files = (
			);
			runOnlyForDeploymentPostprocessing = 0;
		};
/* End PBXFrameworksBuildPhase section */

/* Begin PBXGroup section */
		4DBF3D3127FE1DFB0083ABAE = {
			isa = PBXGroup;
			children = (
				4DBF3D3C27FE1DFB0083ABAE /* ImageID */,
				4DBF3D3B27FE1DFB0083ABAE /* Products */,
			);
			sourceTree = "<group>";
		};
		4DBF3D3B27FE1DFB0083ABAE /* Products */ = {
			isa = PBXGroup;
			children = (
				4DBF3D3A27FE1DFB0083ABAE /* ImageID.app */,
			);
			name = Products;
			sourceTree = "<group>";
		};
		4DBF3D3C27FE1DFB0083ABAE /* ImageID */ = {
			isa = PBXGroup;
			children = (
				4DBF3D3D27FE1DFB0083ABAE /* AppDelegate.swift */,
				4DBF3D3F27FE1DFB0083ABAE /* SceneDelegate.swift */,
				4DBF3D4127FE1DFB0083ABAE /* ViewController.swift */,
				4DBF3D4327FE1DFB0083ABAE /* Main.storyboard */,
				4DBF3D4627FE1DFE0083ABAE /* Assets.xcassets */,
				4DBF3D4827FE1DFF0083ABAE /* LaunchScreen.storyboard */,
				4DBF3D4B27FE1DFF0083ABAE /* Info.plist */,
				4DBF3D5127FE1E1D0083ABAE /* MobileNetV2FP16.mlmodel */,
			);
			path = ImageID;
			sourceTree = "<group>";
		};
/* End PBXGroup section */

/* Begin PBXNativeTarget section */
		4DBF3D3927FE1DFB0083ABAE /* ImageID */ = {
			isa = PBXNativeTarget;
			buildConfigurationList = 4DBF3D4E27FE1DFF0083ABAE /* Build configuration list for PBXNativeTarget "ImageID" */;
			buildPhases = (
				4DBF3D3627FE1DFB0083ABAE /* Sources */,
				4DBF3D3727FE1DFB0083ABAE /* Frameworks */,
				4DBF3D3827FE1DFB0083ABAE /* Resources */,
			);
			buildRules = (
			);
			dependencies = (
			);
			name = ImageID;
			productName = ImageID;
			productReference = 4DBF3D3A27FE1DFB0083ABAE /* ImageID.app */;
			productType = "com.apple.product-type.application";
		};
/* End PBXNativeTarget section */

/* Begin PBXProject section */
		4DBF3D3227FE1DFB0083ABAE /* Project object */ = {
			isa = PBXProject;
			attributes = {
				BuildIndependentTargetsInParallel = 1;
				LastSwiftUpdateCheck = 1330;
				LastUpgradeCheck = 1330;
				TargetAttributes = {
					4DBF3D3927FE1DFB0083ABAE = {
						CreatedOnToolsVersion = 13.3;
					};
				};
			};
			buildConfigurationList = 4DBF3D3527FE1DFB0083ABAE /* Build configuration list for PBXProject "ImageID" */;
			compatibilityVersion = "Xcode 13.0";
			developmentRegion = en;
			hasScannedForEncodings = 0;
			knownRegions = (
				en,
				Base,
			);
			mainGroup = 4DBF3D3127FE1DFB0083ABAE;
			productRefGroup = 4DBF3D3B27FE1DFB0083ABAE /* Products */;
			projectDirPath = "";
			projectRoot = "";
			targets = (
				4DBF3D3927FE1DFB0083ABAE /* ImageID */,
			);
		};
/* End PBXProject section */

/* Begin PBXResourcesBuildPhase section */
		4DBF3D3827FE1DFB0083ABAE /* Resources */ = {
			isa = PBXResourcesBuildPhase;
			buildActionMask = 2147483647;
			files = (
				4DBF3D4A27FE1DFF0083ABAE /* LaunchScreen.storyboard in Resources */,
				4DBF3D4727FE1DFE0083ABAE /* Assets.xcassets in Resources */,
				4DBF3D4527FE1DFB0083ABAE /* Main.storyboard in Resources */,
			);
			runOnlyForDeploymentPostprocessing = 0;
		};
/* End PBXResourcesBuildPhase section */

/* Begin PBXSourcesBuildPhase section */
		4DBF3D3627FE1DFB0083ABAE /* Sources */ = {
			isa = PBXSourcesBuildPhase;
			buildActionMask = 2147483647;
			files = (
				4DBF3D4227FE1DFB0083ABAE /* ViewController.swift in Sources */,
				4DBF3D3E27FE1DFB0083ABAE /* AppDelegate.swift in Sources */,
				4DBF3D4027FE1DFB0083ABAE /* SceneDelegate.swift in Sources */,
				4DBF3D5227FE1E1D0083ABAE /* MobileNetV2FP16.mlmodel in Sources */,
			);
			runOnlyForDeploymentPostprocessing = 0;
		};
/* End PBXSourcesBuildPhase section */

/* Begin PBXVariantGroup section */
		4DBF3D4327FE1DFB0083ABAE /* Main.storyboard */ = {
			isa = PBXVariantGroup;
			children = (
				4DBF3D4427FE1DFB0083ABAE /* Base */,
			);
			name = Main.storyboard;
			sourceTree = "<group>";
		};
		4DBF3D4827FE1DFF0083ABAE /* LaunchScreen.storyboard */ = {
			isa = PBXVariantGroup;
			children = (
				4DBF3D4927FE1DFF0083ABAE /* Base */,
			);
			name = LaunchScreen.storyboard;
			sourceTree = "<group>";
		};
/* End PBXVariantGroup section */

/* Begin XCBuildConfiguration section */
		4DBF3D4C27FE1DFF0083ABAE /* Debug */ = {
			isa = XCBuildConfiguration;
			buildSettings = {
				ALWAYS_SEARCH_USER_PATHS = NO;
				CLANG_ANALYZER_NONNULL = YES;
				CLANG_ANALYZER_NUMBER_OBJECT_CONVERSION = YES_AGGRESSIVE;
				CLANG_CXX_LANGUAGE_STANDARD = "gnu++17";
				CLANG_ENABLE_MODULES = YES;
				CLANG_ENABLE_OBJC_ARC = YES;
				CLANG_ENABLE_OBJC_WEAK = YES;
				CLANG_WARN_BLOCK_CAPTURE_AUTORELEASING = YES;
				CLANG_WARN_BOOL_CONVERSION = YES;
				CLANG_WARN_COMMA = YES;
				CLANG_WARN_CONSTANT_CONVERSION = YES;
				CLANG_WARN_DEPRECATED_OBJC_IMPLEMENTATIONS = YES;
				CLANG_WARN_DIRECT_OBJC_ISA_USAGE = YES_ERROR;
				CLANG_WARN_DOCUMENTATION_COMMENTS = YES;
				CLANG_WARN_EMPTY_BODY = YES;
				CLANG_WARN_ENUM_CONVERSION = YES;
				CLANG_WARN_INFINITE_RECURSION = YES;
				CLANG_WARN_INT_CONVERSION = YES;
				CLANG_WARN_NON_LITERAL_NULL_CONVERSION = YES;
				CLANG_WARN_OBJC_IMPLICIT_RETAIN_SELF = YES;
				CLANG_WARN_OBJC_LITERAL_CONVERSION = YES;
				CLANG_WARN_OBJC_ROOT_CLASS = YES_ERROR;
				CLANG_WARN_QUOTED_INCLUDE_IN_FRAMEWORK_HEADER = YES;
				CLANG_WARN_RANGE_LOOP_ANALYSIS = YES;
				CLANG_WARN_STRICT_PROTOTYPES = YES;
				CLANG_WARN_SUSPICIOUS_MOVE = YES;
				CLANG_WARN_UNGUARDED_AVAILABILITY = YES_AGGRESSIVE;
				CLANG_WARN_UNREACHABLE_CODE = YES;
				CLANG_WARN__DUPLICATE_METHOD_MATCH = YES;
				COPY_PHASE_STRIP = NO;
				DEBUG_INFORMATION_FORMAT = dwarf;
				ENABLE_STRICT_OBJC_MSGSEND = YES;
				ENABLE_TESTABILITY = YES;
				GCC_C_LANGUAGE_STANDARD = gnu11;
				GCC_DYNAMIC_NO_PIC = NO;
				GCC_NO_COMMON_BLOCKS = YES;
				GCC_OPTIMIZATION_LEVEL = 0;
				GCC_PREPROCESSOR_DEFINITIONS = (
					"DEBUG=1",
					"$(inherited)",
				);
				GCC_WARN_64_TO_32_BIT_CONVERSION = YES;
				GCC_WARN_ABOUT_RETURN_TYPE = YES_ERROR;
				GCC_WARN_UNDECLARED_SELECTOR = YES;
				GCC_WARN_UNINITIALIZED_AUTOS = YES_AGGRESSIVE;
				GCC_WARN_UNUSED_FUNCTION = YES;
				GCC_WARN_UNUSED_VARIABLE = YES;
				IPHONEOS_DEPLOYMENT_TARGET = 15.4;
				MTL_ENABLE_DEBUG_INFO = INCLUDE_SOURCE;
				MTL_FAST_MATH = YES;
				ONLY_ACTIVE_ARCH = YES;
				SDKROOT = iphoneos;
				SWIFT_ACTIVE_COMPILATION_CONDITIONS = DEBUG;
				SWIFT_OPTIMIZATION_LEVEL = "-Onone";
			};
			name = Debug;
		};
		4DBF3D4D27FE1DFF0083ABAE /* Release */ = {
			isa = XCBuildConfiguration;
			buildSettings = {
				ALWAYS_SEARCH_USER_PATHS = NO;
				CLANG_ANALYZER_NONNULL = YES;
				CLANG_ANALYZER_NUMBER_OBJECT_CONVERSION = YES_AGGRESSIVE;
				CLANG_CXX_LANGUAGE_STANDARD = "gnu++17";
				CLANG_ENABLE_MODULES = YES;
				CLANG_ENABLE_OBJC_ARC = YES;
				CLANG_ENABLE_OBJC_WEAK = YES;
				CLANG_WARN_BLOCK_CAPTURE_AUTORELEASING = YES;
				CLANG_WARN_BOOL_CONVERSION = YES;
				CLANG_WARN_COMMA = YES;
				CLANG_WARN_CONSTANT_CONVERSION = YES;
				CLANG_WARN_DEPRECATED_OBJC_IMPLEMENTATIONS = YES;
				CLANG_WARN_DIRECT_OBJC_ISA_USAGE = YES_ERROR;
				CLANG_WARN_DOCUMENTATION_COMMENTS = YES;
				CLANG_WARN_EMPTY_BODY = YES;
				CLANG_WARN_ENUM_CONVERSION = YES;
				CLANG_WARN_INFINITE_RECURSION = YES;
				CLANG_WARN_INT_CONVERSION = YES;
				CLANG_WARN_NON_LITERAL_NULL_CONVERSION = YES;
				CLANG_WARN_OBJC_IMPLICIT_RETAIN_SELF = YES;
				CLANG_WARN_OBJC_LITERAL_CONVERSION = YES;
				CLANG_WARN_OBJC_ROOT_CLASS = YES_ERROR;
				CLANG_WARN_QUOTED_INCLUDE_IN_FRAMEWORK_HEADER = YES;
				CLANG_WARN_RANGE_LOOP_ANALYSIS = YES;
				CLANG_WARN_STRICT_PROTOTYPES = YES;
				CLANG_WARN_SUSPICIOUS_MOVE = YES;
				CLANG_WARN_UNGUARDED_AVAILABILITY = YES_AGGRESSIVE;
				CLANG_WARN_UNREACHABLE_CODE = YES;
				CLANG_WARN__DUPLICATE_METHOD_MATCH = YES;
				COPY_PHASE_STRIP = NO;
				DEBUG_INFORMATION_FORMAT = "dwarf-with-dsym";
				ENABLE_NS_ASSERTIONS = NO;
				ENABLE_STRICT_OBJC_MSGSEND = YES;
				GCC_C_LANGUAGE_STANDARD = gnu11;
				GCC_NO_COMMON_BLOCKS = YES;
				GCC_WARN_64_TO_32_BIT_CONVERSION = YES;
				GCC_WARN_ABOUT_RETURN_TYPE = YES_ERROR;
				GCC_WARN_UNDECLARED_SELECTOR = YES;
				GCC_WARN_UNINITIALIZED_AUTOS = YES_AGGRESSIVE;
				GCC_WARN_UNUSED_FUNCTION = YES;
				GCC_WARN_UNUSED_VARIABLE = YES;
				IPHONEOS_DEPLOYMENT_TARGET = 15.4;
				MTL_ENABLE_DEBUG_INFO = NO;
				MTL_FAST_MATH = YES;
				SDKROOT = iphoneos;
				SWIFT_COMPILATION_MODE = wholemodule;
				SWIFT_OPTIMIZATION_LEVEL = "-O";
				VALIDATE_PRODUCT = YES;
			};
			name = Release;
		};
		4DBF3D4F27FE1DFF0083ABAE /* Debug */ = {
			isa = XCBuildConfiguration;
			buildSettings = {
				ASSETCATALOG_COMPILER_APPICON_NAME = AppIcon;
				ASSETCATALOG_COMPILER_GLOBAL_ACCENT_COLOR_NAME = AccentColor;
				CODE_SIGN_STYLE = Automatic;
				CURRENT_PROJECT_VERSION = 1;
				DEVELOPMENT_TEAM = JPP7JH879V;
				GENERATE_INFOPLIST_FILE = YES;
				INFOPLIST_FILE = ImageID/Info.plist;
				INFOPLIST_KEY_UIApplicationSupportsIndirectInputEvents = YES;
				INFOPLIST_KEY_UILaunchStoryboardName = LaunchScreen;
				INFOPLIST_KEY_UIMainStoryboardFile = Main;
				INFOPLIST_KEY_UISupportedInterfaceOrientations = "UIInterfaceOrientationPortrait UIInterfaceOrientationLandscapeLeft UIInterfaceOrientationLandscapeRight";
				INFOPLIST_KEY_UISupportedInterfaceOrientations_iPad = "UIInterfaceOrientationPortrait UIInterfaceOrientationPortraitUpsideDown UIInterfaceOrientationLandscapeLeft UIInterfaceOrientationLandscapeRight";
				INFOPLIST_KEY_UISupportedInterfaceOrientations_iPhone = "UIInterfaceOrientationPortrait UIInterfaceOrientationLandscapeLeft UIInterfaceOrientationLandscapeRight";
				LD_RUNPATH_SEARCH_PATHS = (
					"$(inherited)",
					"@executable_path/Frameworks",
				);
				MARKETING_VERSION = 1.0;
				PRODUCT_BUNDLE_IDENTIFIER = com.braindancedesigns.ImageID;
				PRODUCT_NAME = "$(TARGET_NAME)";
				SWIFT_EMIT_LOC_STRINGS = YES;
				SWIFT_VERSION = 5.0;
				TARGETED_DEVICE_FAMILY = "1,2";
			};
			name = Debug;
		};
		4DBF3D5027FE1DFF0083ABAE /* Release */ = {
			isa = XCBuildConfiguration;
			buildSettings = {
				ASSETCATALOG_COMPILER_APPICON_NAME = AppIcon;
				ASSETCATALOG_COMPILER_GLOBAL_ACCENT_COLOR_NAME = AccentColor;
				CODE_SIGN_STYLE = Automatic;
				CURRENT_PROJECT_VERSION = 1;
				DEVELOPMENT_TEAM = JPP7JH879V;
				GENERATE_INFOPLIST_FILE = YES;
				INFOPLIST_FILE = ImageID/Info.plist;
				INFOPLIST_KEY_UIApplicationSupportsIndirectInputEvents = YES;
				INFOPLIST_KEY_UILaunchStoryboardName = LaunchScreen;
				INFOPLIST_KEY_UIMainStoryboardFile = Main;
				INFOPLIST_KEY_UISupportedInterfaceOrientations = "UIInterfaceOrientationPortrait UIInterfaceOrientationLandscapeLeft UIInterfaceOrientationLandscapeRight";
				INFOPLIST_KEY_UISupportedInterfaceOrientations_iPad = "UIInterfaceOrientationPortrait UIInterfaceOrientationPortraitUpsideDown UIInterfaceOrientationLandscapeLeft UIInterfaceOrientationLandscapeRight";
				INFOPLIST_KEY_UISupportedInterfaceOrientations_iPhone = "UIInterfaceOrientationPortrait UIInterfaceOrientationLandscapeLeft UIInterfaceOrientationLandscapeRight";
				LD_RUNPATH_SEARCH_PATHS = (
					"$(inherited)",
					"@executable_path/Frameworks",
				);
				MARKETING_VERSION = 1.0;
				PRODUCT_BUNDLE_IDENTIFIER = com.braindancedesigns.ImageID;
				PRODUCT_NAME = "$(TARGET_NAME)";
				SWIFT_EMIT_LOC_STRINGS = YES;
				SWIFT_VERSION = 5.0;
				TARGETED_DEVICE_FAMILY = "1,2";
			};
			name = Release;
		};
/* End XCBuildConfiguration section */

/* Begin XCConfigurationList section */
		4DBF3D3527FE1DFB0083ABAE /* Build configuration list for PBXProject "ImageID" */ = {
			isa = XCConfigurationList;
			buildConfigurations = (
				4DBF3D4C27FE1DFF0083ABAE /* Debug */,
				4DBF3D4D27FE1DFF0083ABAE /* Release */,
			);
			defaultConfigurationIsVisible = 0;
			defaultConfigurationName = Release;
		};
		4DBF3D4E27FE1DFF0083ABAE /* Build configuration list for PBXNativeTarget "ImageID" */ = {
			isa = XCConfigurationList;
			buildConfigurations = (
				4DBF3D4F27FE1DFF0083ABAE /* Debug */,
				4DBF3D5027FE1DFF0083ABAE /* Release */,
			);
			defaultConfigurationIsVisible = 0;
			defaultConfigurationName = Release;
		};
/* End XCConfigurationList section */
	};
	rootObject = 4DBF3D3227FE1DFB0083ABAE /* Project object */;
}
